
Microsoft Visual Studio Solution File, Format Version 12.00
# Visual Studio 15
VisualStudioVersion = 15.0.28307.271
MinimumVisualStudioVersion = 10.0.40219.1
Project("{FAE04EC0-301F-11D3-BF4B-00C04F79EFBC}") = "COMP125002", "COMP125002\COMP125002.csproj", "{13CD9301-F823-45E4-A546-FE2E2415DFBB}"
EndProject
Global
	GlobalSection(SolutionConfigurationPlatforms) = preSolution
		Debug|Any CPU = Debug|Any CPU
		Release|Any CPU = Release|Any CPU
	EndGlobalSection
	GlobalSection(ProjectConfigurationPlatforms) = postSolution
		{13CD9301-F823-45E4-A546-FE2E2415DFBB}.Debug|Any CPU.ActiveCfg = Debug|Any CPU
		{13CD9301-F823-45E4-A546-FE2E2415DFBB}.Debug|Any CPU.Build.0 = Debug|Any CPU
		{13CD9301-F823-45E4-A546-FE2E2415DFBB}.Release|Any CPU.ActiveCfg = Release|Any CPU
		{13CD9301-F823-45E4-A546-FE2E2415DFBB}.Release|Any CPU.Build.0 = Release|Any CPU
	EndGlobalSection
	GlobalSection(SolutionProperties) = preSolution
		HideSolutionNode = FALSE
	EndGlobalSection
	GlobalSection(ExtensibilityGlobals) = postSolution
		SolutionGuid = {4D0069AB-536C-48C7-9668-74F03B297ACE}
	EndGlobalSection
EndGlobal
